// !$*UTF8*$!
{
	archiveVersion = 1;
	classes = {
	};
	objectVersion = 50;
	objects = {

/* Begin PBXBuildFile section */
		F7572A3E2670F42600E26A49 /* main.cpp in Sources */ = {isa = PBXBuildFile; fileRef = F7572A3D2670F42600E26A49 /* main.cpp */; };
		F7572A482670F49A00E26A49 /* GLTools.cpp in Sources */ = {isa = PBXBuildFile; fileRef = F7572A472670F49A00E26A49 /* GLTools.cpp */; };
		F7572A4C2670F4AE00E26A49 /* shader.frag in CopyFiles */ = {isa = PBXBuildFile; fileRef = F7572A4A2670F4A400E26A49 /* shader.frag */; };
		F7572A4D2670F4AE00E26A49 /* shader.vert in CopyFiles */ = {isa = PBXBuildFile; fileRef = F7572A4B2670F4A400E26A49 /* shader.vert */; };
		F7572A512670F4BF00E26A49 /* OpenGL.framework in Frameworks */ = {isa = PBXBuildFile; fileRef = F7572A502670F4BF00E26A49 /* OpenGL.framework */; };
		F7572A542670F4CF00E26A49 /* libglfw3_.a in Frameworks */ = {isa = PBXBuildFile; fileRef = F7572A522670F4CF00E26A49 /* libglfw3_.a */; };
		F7572A552670F4CF00E26A49 /* libJGL.a in Frameworks */ = {isa = PBXBuildFile; fileRef = F7572A532670F4CF00E26A49 /* libJGL.a */; };
		F7572A592670F56300E26A49 /* CoreFoundation.framework in Frameworks */ = {isa = PBXBuildFile; fileRef = F7572A582670F56300E26A49 /* CoreFoundation.framework */; };
		F7572A5B2670F57400E26A49 /* IOKit.framework in Frameworks */ = {isa = PBXBuildFile; fileRef = F7572A5A2670F57400E26A49 /* IOKit.framework */; };
		F7572A5E2670F57F00E26A49 /* CoreGraphics.framework in Frameworks */ = {isa = PBXBuildFile; fileRef = F7572A5D2670F57F00E26A49 /* CoreGraphics.framework */; };
		F7572A612670F58C00E26A49 /* Cocoa.framework in Frameworks */ = {isa = PBXBuildFile; fileRef = F7572A602670F58C00E26A49 /* Cocoa.framework */; };
		F7572A6A2671DB5000E26A49 /* const.frag in CopyFiles */ = {isa = PBXBuildFile; fileRef = F7572A692671DB4300E26A49 /* const.frag */; };
		F7572A6B2671DB5000E26A49 /* const.vert in CopyFiles */ = {isa = PBXBuildFile; fileRef = F7572A682671DB4300E26A49 /* const.vert */; };
		F7572A8D267B038200E26A49 /* Body.cpp in Sources */ = {isa = PBXBuildFile; fileRef = F7572A8C267B038200E26A49 /* Body.cpp */; };
/* End PBXBuildFile section */

/* Begin PBXCopyFilesBuildPhase section */
		F7572A382670F42600E26A49 /* CopyFiles */ = {
			isa = PBXCopyFilesBuildPhase;
			buildActionMask = 12;
			dstPath = "";
			dstSubfolderSpec = 16;
			files = (
				F7572A6A2671DB5000E26A49 /* const.frag in CopyFiles */,
				F7572A6B2671DB5000E26A49 /* const.vert in CopyFiles */,
				F7572A4C2670F4AE00E26A49 /* shader.frag in CopyFiles */,
				F7572A4D2670F4AE00E26A49 /* shader.vert in CopyFiles */,
			);
			runOnlyForDeploymentPostprocessing = 0;
		};
/* End PBXCopyFilesBuildPhase section */

/* Begin PBXFileReference section */
		F7572A3A2670F42600E26A49 /* IK */ = {isa = PBXFileReference; explicitFileType = "compiled.mach-o.executable"; includeInIndex = 0; path = IK; sourceTree = BUILT_PRODUCTS_DIR; };
		F7572A3D2670F42600E26A49 /* main.cpp */ = {isa = PBXFileReference; lastKnownFileType = sourcecode.cpp.cpp; path = main.cpp; sourceTree = "<group>"; };
		F7572A452670F49A00E26A49 /* GLTools.hpp */ = {isa = PBXFileReference; fileEncoding = 4; lastKnownFileType = sourcecode.cpp.h; path = GLTools.hpp; sourceTree = "<group>"; };
		F7572A462670F49A00E26A49 /* ModelView.hpp */ = {isa = PBXFileReference; fileEncoding = 4; lastKnownFileType = sourcecode.cpp.h; path = ModelView.hpp; sourceTree = "<group>"; };
		F7572A472670F49A00E26A49 /* GLTools.cpp */ = {isa = PBXFileReference; fileEncoding = 4; lastKnownFileType = sourcecode.cpp.cpp; path = GLTools.cpp; sourceTree = "<group>"; };
		F7572A4A2670F4A400E26A49 /* shader.frag */ = {isa = PBXFileReference; lastKnownFileType = sourcecode.glsl; name = shader.frag; path = Res/shader.frag; sourceTree = SOURCE_ROOT; };
		F7572A4B2670F4A400E26A49 /* shader.vert */ = {isa = PBXFileReference; lastKnownFileType = sourcecode.glsl; name = shader.vert; path = Res/shader.vert; sourceTree = SOURCE_ROOT; };
		F7572A502670F4BF00E26A49 /* OpenGL.framework */ = {isa = PBXFileReference; lastKnownFileType = wrapper.framework; name = OpenGL.framework; path = System/Library/Frameworks/OpenGL.framework; sourceTree = SDKROOT; };
		F7572A522670F4CF00E26A49 /* libglfw3_.a */ = {isa = PBXFileReference; lastKnownFileType = archive.ar; name = libglfw3_.a; path = lib/libglfw3_.a; sourceTree = "<group>"; };
		F7572A532670F4CF00E26A49 /* libJGL.a */ = {isa = PBXFileReference; lastKnownFileType = archive.ar; name = libJGL.a; path = lib/libJGL.a; sourceTree = "<group>"; };
		F7572A582670F56300E26A49 /* CoreFoundation.framework */ = {isa = PBXFileReference; lastKnownFileType = wrapper.framework; name = CoreFoundation.framework; path = System/Library/Frameworks/CoreFoundation.framework; sourceTree = SDKROOT; };
		F7572A5A2670F57400E26A49 /* IOKit.framework */ = {isa = PBXFileReference; lastKnownFileType = wrapper.framework; name = IOKit.framework; path = System/Library/Frameworks/IOKit.framework; sourceTree = SDKROOT; };
		F7572A5D2670F57F00E26A49 /* CoreGraphics.framework */ = {isa = PBXFileReference; lastKnownFileType = wrapper.framework; name = CoreGraphics.framework; path = System/Library/Frameworks/CoreGraphics.framework; sourceTree = SDKROOT; };
		F7572A602670F58C00E26A49 /* Cocoa.framework */ = {isa = PBXFileReference; lastKnownFileType = wrapper.framework; name = Cocoa.framework; path = System/Library/Frameworks/Cocoa.framework; sourceTree = SDKROOT; };
		F7572A632670F5E200E26A49 /* AnimView.hpp */ = {isa = PBXFileReference; lastKnownFileType = sourcecode.cpp.h; path = AnimView.hpp; sourceTree = "<group>"; };
		F7572A682671DB4300E26A49 /* const.vert */ = {isa = PBXFileReference; lastKnownFileType = sourcecode.glsl; name = const.vert; path = Res/const.vert; sourceTree = SOURCE_ROOT; };
		F7572A692671DB4300E26A49 /* const.frag */ = {isa = PBXFileReference; lastKnownFileType = sourcecode.glsl; name = const.frag; path = Res/const.frag; sourceTree = SOURCE_ROOT; };
		F7572A6D2671DC2E00E26A49 /* PrefixHeader.pch */ = {isa = PBXFileReference; lastKnownFileType = sourcecode.c.h; path = PrefixHeader.pch; sourceTree = "<group>"; };
		F7572A812676E83E00E26A49 /* body.hpp */ = {isa = PBXFileReference; lastKnownFileType = sourcecode.cpp.h; path = body.hpp; sourceTree = "<group>"; };
		F7572A8C267B038200E26A49 /* Body.cpp */ = {isa = PBXFileReference; fileEncoding = 4; lastKnownFileType = sourcecode.cpp.cpp; path = Body.cpp; sourceTree = "<group>"; };
/* End PBXFileReference section */

/* Begin PBXFrameworksBuildPhase section */
		F7572A372670F42600E26A49 /* Frameworks */ = {
			isa = PBXFrameworksBuildPhase;
			buildActionMask = 2147483647;
			files = (
				F7572A612670F58C00E26A49 /* Cocoa.framework in Frameworks */,
				F7572A5E2670F57F00E26A49 /* CoreGraphics.framework in Frameworks */,
				F7572A5B2670F57400E26A49 /* IOKit.framework in Frameworks */,
				F7572A592670F56300E26A49 /* CoreFoundation.framework in Frameworks */,
				F7572A512670F4BF00E26A49 /* OpenGL.framework in Frameworks */,
				F7572A542670F4CF00E26A49 /* libglfw3_.a in Frameworks */,
				F7572A552670F4CF00E26A49 /* libJGL.a in Frameworks */,
			);
			runOnlyForDeploymentPostprocessing = 0;
		};
/* End PBXFrameworksBuildPhase section */

/* Begin PBXGroup section */
		F7572A312670F42600E26A49 = {
			isa = PBXGroup;
			children = (
				F7572A3C2670F42600E26A49 /* IK */,
				F7572A3B2670F42600E26A49 /* Products */,
				F7572A4F2670F4BF00E26A49 /* Frameworks */,
			);
			sourceTree = "<group>";
		};
		F7572A3B2670F42600E26A49 /* Products */ = {
			isa = PBXGroup;
			children = (
				F7572A3A2670F42600E26A49 /* IK */,
			);
			name = Products;
			sourceTree = "<group>";
		};
		F7572A3C2670F42600E26A49 /* IK */ = {
			isa = PBXGroup;
			children = (
				F7572A692671DB4300E26A49 /* const.frag */,
				F7572A682671DB4300E26A49 /* const.vert */,
				F7572A4A2670F4A400E26A49 /* shader.frag */,
				F7572A4B2670F4A400E26A49 /* shader.vert */,
				F7572A3D2670F42600E26A49 /* main.cpp */,
				F7572A472670F49A00E26A49 /* GLTools.cpp */,
				F7572A452670F49A00E26A49 /* GLTools.hpp */,
				F7572A462670F49A00E26A49 /* ModelView.hpp */,
				F7572A632670F5E200E26A49 /* AnimView.hpp */,
				F7572A6D2671DC2E00E26A49 /* PrefixHeader.pch */,
				F7572A812676E83E00E26A49 /* body.hpp */,
				F7572A8C267B038200E26A49 /* Body.cpp */,
			);
			path = IK;
			sourceTree = "<group>";
		};
		F7572A4F2670F4BF00E26A49 /* Frameworks */ = {
			isa = PBXGroup;
			children = (
				F7572A602670F58C00E26A49 /* Cocoa.framework */,
				F7572A5D2670F57F00E26A49 /* CoreGraphics.framework */,
				F7572A5A2670F57400E26A49 /* IOKit.framework */,
				F7572A582670F56300E26A49 /* CoreFoundation.framework */,
				F7572A522670F4CF00E26A49 /* libglfw3_.a */,
				F7572A532670F4CF00E26A49 /* libJGL.a */,
				F7572A502670F4BF00E26A49 /* OpenGL.framework */,
			);
			name = Frameworks;
			sourceTree = "<group>";
		};
/* End PBXGroup section */

/* Begin PBXNativeTarget section */
		F7572A392670F42600E26A49 /* IK */ = {
			isa = PBXNativeTarget;
			buildConfigurationList = F7572A412670F42600E26A49 /* Build configuration list for PBXNativeTarget "IK" */;
			buildPhases = (
				F7572A362670F42600E26A49 /* Sources */,
				F7572A372670F42600E26A49 /* Frameworks */,
				F7572A382670F42600E26A49 /* CopyFiles */,
			);
			buildRules = (
			);
			dependencies = (
			);
			name = IK;
			productName = IK;
			productReference = F7572A3A2670F42600E26A49 /* IK */;
			productType = "com.apple.product-type.tool";
		};
/* End PBXNativeTarget section */

/* Begin PBXProject section */
		F7572A322670F42600E26A49 /* Project object */ = {
			isa = PBXProject;
			attributes = {
				LastUpgradeCheck = 1240;
				TargetAttributes = {
					F7572A392670F42600E26A49 = {
						CreatedOnToolsVersion = 12.4;
					};
				};
			};
			buildConfigurationList = F7572A352670F42600E26A49 /* Build configuration list for PBXProject "IK" */;
			compatibilityVersion = "Xcode 9.3";
			developmentRegion = en;
			hasScannedForEncodings = 0;
			knownRegions = (
				en,
				Base,
			);
			mainGroup = F7572A312670F42600E26A49;
			productRefGroup = F7572A3B2670F42600E26A49 /* Products */;
			projectDirPath = "";
			projectRoot = "";
			targets = (
				F7572A392670F42600E26A49 /* IK */,
			);
		};
/* End PBXProject section */

/* Begin PBXSourcesBuildPhase section */
		F7572A362670F42600E26A49 /* Sources */ = {
			isa = PBXSourcesBuildPhase;
			buildActionMask = 2147483647;
			files = (
				F7572A8D267B038200E26A49 /* Body.cpp in Sources */,
				F7572A482670F49A00E26A49 /* GLTools.cpp in Sources */,
				F7572A3E2670F42600E26A49 /* main.cpp in Sources */,
			);
			runOnlyForDeploymentPostprocessing = 0;
		};
/* End PBXSourcesBuildPhase section */

/* Begin XCBuildConfiguration section */
		F7572A3F2670F42600E26A49 /* Debug */ = {
			isa = XCBuildConfiguration;
			buildSettings = {
				ALWAYS_SEARCH_USER_PATHS = NO;
				CLANG_ANALYZER_NONNULL = YES;
				CLANG_ANALYZER_NUMBER_OBJECT_CONVERSION = YES_AGGRESSIVE;
				CLANG_CXX_LANGUAGE_STANDARD = "gnu++17";
				CLANG_CXX_LIBRARY = "libc++";
				CLANG_ENABLE_MODULES = YES;
				CLANG_ENABLE_OBJC_ARC = YES;
				CLANG_ENABLE_OBJC_WEAK = YES;
				CLANG_WARN_BLOCK_CAPTURE_AUTORELEASING = YES;
				CLANG_WARN_BOOL_CONVERSION = YES;
				CLANG_WARN_COMMA = YES;
				CLANG_WARN_CONSTANT_CONVERSION = YES;
				CLANG_WARN_DEPRECATED_OBJC_IMPLEMENTATIONS = YES;
				CLANG_WARN_DIRECT_OBJC_ISA_USAGE = YES_ERROR;
				CLANG_WARN_DOCUMENTATION_COMMENTS = YES;
				CLANG_WARN_EMPTY_BODY = YES;
				CLANG_WARN_ENUM_CONVERSION = YES;
				CLANG_WARN_INFINITE_RECURSION = YES;
				CLANG_WARN_INT_CONVERSION = YES;
				CLANG_WARN_NON_LITERAL_NULL_CONVERSION = YES;
				CLANG_WARN_OBJC_IMPLICIT_RETAIN_SELF = YES;
				CLANG_WARN_OBJC_LITERAL_CONVERSION = YES;
				CLANG_WARN_OBJC_ROOT_CLASS = YES_ERROR;
				CLANG_WARN_QUOTED_INCLUDE_IN_FRAMEWORK_HEADER = YES;
				CLANG_WARN_RANGE_LOOP_ANALYSIS = YES;
				CLANG_WARN_STRICT_PROTOTYPES = YES;
				CLANG_WARN_SUSPICIOUS_MOVE = YES;
				CLANG_WARN_UNGUARDED_AVAILABILITY = YES_AGGRESSIVE;
				CLANG_WARN_UNREACHABLE_CODE = YES;
				CLANG_WARN__DUPLICATE_METHOD_MATCH = YES;
				COPY_PHASE_STRIP = NO;
				DEBUG_INFORMATION_FORMAT = dwarf;
				ENABLE_STRICT_OBJC_MSGSEND = YES;
				ENABLE_TESTABILITY = YES;
				GCC_C_LANGUAGE_STANDARD = gnu11;
				GCC_DYNAMIC_NO_PIC = NO;
				GCC_NO_COMMON_BLOCKS = YES;
				GCC_OPTIMIZATION_LEVEL = 0;
				GCC_PRECOMPILE_PREFIX_HEADER = YES;
				GCC_PREFIX_HEADER = IK/prefixHeader.pch;
				GCC_PREPROCESSOR_DEFINITIONS = (
					"DEBUG=1",
					"$(inherited)",
				);
				GCC_WARN_64_TO_32_BIT_CONVERSION = YES;
				GCC_WARN_ABOUT_RETURN_TYPE = YES_ERROR;
				GCC_WARN_UNDECLARED_SELECTOR = YES;
				GCC_WARN_UNINITIALIZED_AUTOS = YES_AGGRESSIVE;
				GCC_WARN_UNUSED_FUNCTION = YES;
				GCC_WARN_UNUSED_VARIABLE = YES;
				HEADER_SEARCH_PATHS = (
					"${PROJECT_DIR}/include",
					/usr/local/include/eigen3,
				);
				MACOSX_DEPLOYMENT_TARGET = 10.15;
				MTL_ENABLE_DEBUG_INFO = INCLUDE_SOURCE;
				MTL_FAST_MATH = YES;
				ONLY_ACTIVE_ARCH = YES;
				SDKROOT = macosx;
			};
			name = Debug;
		};
		F7572A402670F42600E26A49 /* Release */ = {
			isa = XCBuildConfiguration;
			buildSettings = {
				ALWAYS_SEARCH_USER_PATHS = NO;
				CLANG_ANALYZER_NONNULL = YES;
				CLANG_ANALYZER_NUMBER_OBJECT_CONVERSION = YES_AGGRESSIVE;
				CLANG_CXX_LANGUAGE_STANDARD = "gnu++17";
				CLANG_CXX_LIBRARY = "libc++";
				CLANG_ENABLE_MODULES = YES;
				CLANG_ENABLE_OBJC_ARC = YES;
				CLANG_ENABLE_OBJC_WEAK = YES;
				CLANG_WARN_BLOCK_CAPTURE_AUTORELEASING = YES;
				CLANG_WARN_BOOL_CONVERSION = YES;
				CLANG_WARN_COMMA = YES;
				CLANG_WARN_CONSTANT_CONVERSION = YES;
				CLANG_WARN_DEPRECATED_OBJC_IMPLEMENTATIONS = YES;
				CLANG_WARN_DIRECT_OBJC_ISA_USAGE = YES_ERROR;
				CLANG_WARN_DOCUMENTATION_COMMENTS = YES;
				CLANG_WARN_EMPTY_BODY = YES;
				CLANG_WARN_ENUM_CONVERSION = YES;
				CLANG_WARN_INFINITE_RECURSION = YES;
				CLANG_WARN_INT_CONVERSION = YES;
				CLANG_WARN_NON_LITERAL_NULL_CONVERSION = YES;
				CLANG_WARN_OBJC_IMPLICIT_RETAIN_SELF = YES;
				CLANG_WARN_OBJC_LITERAL_CONVERSION = YES;
				CLANG_WARN_OBJC_ROOT_CLASS = YES_ERROR;
				CLANG_WARN_QUOTED_INCLUDE_IN_FRAMEWORK_HEADER = YES;
				CLANG_WARN_RANGE_LOOP_ANALYSIS = YES;
				CLANG_WARN_STRICT_PROTOTYPES = YES;
				CLANG_WARN_SUSPICIOUS_MOVE = YES;
				CLANG_WARN_UNGUARDED_AVAILABILITY = YES_AGGRESSIVE;
				CLANG_WARN_UNREACHABLE_CODE = YES;
				CLANG_WARN__DUPLICATE_METHOD_MATCH = YES;
				COPY_PHASE_STRIP = NO;
				DEBUG_INFORMATION_FORMAT = "dwarf-with-dsym";
				ENABLE_NS_ASSERTIONS = NO;
				ENABLE_STRICT_OBJC_MSGSEND = YES;
				GCC_C_LANGUAGE_STANDARD = gnu11;
				GCC_NO_COMMON_BLOCKS = YES;
				GCC_PRECOMPILE_PREFIX_HEADER = YES;
				GCC_PREFIX_HEADER = IK/prefixHeader.pch;
				GCC_WARN_64_TO_32_BIT_CONVERSION = YES;
				GCC_WARN_ABOUT_RETURN_TYPE = YES_ERROR;
				GCC_WARN_UNDECLARED_SELECTOR = YES;
				GCC_WARN_UNINITIALIZED_AUTOS = YES_AGGRESSIVE;
				GCC_WARN_UNUSED_FUNCTION = YES;
				GCC_WARN_UNUSED_VARIABLE = YES;
				HEADER_SEARCH_PATHS = (
					"${PROJECT_DIR}/include",
					/usr/local/include/eigen3,
				);
				MACOSX_DEPLOYMENT_TARGET = 10.15;
				MTL_ENABLE_DEBUG_INFO = NO;
				MTL_FAST_MATH = YES;
				ONLY_ACTIVE_ARCH = YES;
				SDKROOT = macosx;
			};
			name = Release;
		};
		F7572A422670F42600E26A49 /* Debug */ = {
			isa = XCBuildConfiguration;
			buildSettings = {
				CODE_SIGN_IDENTITY = "-";
				CODE_SIGN_STYLE = Automatic;
				DEVELOPMENT_TEAM = WGJ34586N3;
				ENABLE_HARDENED_RUNTIME = YES;
				"EXCLUDED_ARCHS[sdk=*]" = arm64;
				LIBRARY_SEARCH_PATHS = (
					"$(inherited)",
					"$(PROJECT_DIR)/lib",
				);
				PRODUCT_NAME = "$(TARGET_NAME)";
			};
			name = Debug;
		};
		F7572A432670F42600E26A49 /* Release */ = {
			isa = XCBuildConfiguration;
			buildSettings = {
				CODE_SIGN_IDENTITY = "-";
				CODE_SIGN_STYLE = Automatic;
				DEVELOPMENT_TEAM = WGJ34586N3;
				ENABLE_HARDENED_RUNTIME = YES;
				"EXCLUDED_ARCHS[sdk=*]" = arm64;
				LIBRARY_SEARCH_PATHS = (
					"$(inherited)",
					"$(PROJECT_DIR)/lib",
				);
				PRODUCT_NAME = "$(TARGET_NAME)";
			};
			name = Release;
		};
/* End XCBuildConfiguration section */

/* Begin XCConfigurationList section */
		F7572A352670F42600E26A49 /* Build configuration list for PBXProject "IK" */ = {
			isa = XCConfigurationList;
			buildConfigurations = (
				F7572A3F2670F42600E26A49 /* Debug */,
				F7572A402670F42600E26A49 /* Release */,
			);
			defaultConfigurationIsVisible = 0;
			defaultConfigurationName = Release;
		};
		F7572A412670F42600E26A49 /* Build configuration list for PBXNativeTarget "IK" */ = {
			isa = XCConfigurationList;
			buildConfigurations = (
				F7572A422670F42600E26A49 /* Debug */,
				F7572A432670F42600E26A49 /* Release */,
			);
			defaultConfigurationIsVisible = 0;
			defaultConfigurationName = Release;
		};
/* End XCConfigurationList section */
	};
	rootObject = F7572A322670F42600E26A49 /* Project object */;
}
